Microsoft Visual Studio Solution File, Format Version 12.00
# Visual Studio Version 17
VisualStudioVersion = 17.5.2.0
MinimumVisualStudioVersion = 10.0.40219.1
Project("{FAE04EC0-301F-11D3-BF4B-00C04F79EFBC}") = "StringAna", "StringAna.csproj", "{D2E4E443-6038-0FEE-04F9-FBAF89DFDA34}"
EndProject
Global
	GlobalSection(SolutionConfigurationPlatforms) = preSolution
		Debug|Any CPU = Debug|Any CPU
		Release|Any CPU = Release|Any CPU
	EndGlobalSection
	GlobalSection(ProjectConfigurationPlatforms) = postSolution
		{D2E4E443-6038-0FEE-04F9-FBAF89DFDA34}.Debug|Any CPU.ActiveCfg = Debug|Any CPU
		{D2E4E443-6038-0FEE-04F9-FBAF89DFDA34}.Debug|Any CPU.Build.0 = Debug|Any CPU
		{D2E4E443-6038-0FEE-04F9-FBAF89DFDA34}.Release|Any CPU.ActiveCfg = Release|Any CPU
		{D2E4E443-6038-0FEE-04F9-FBAF89DFDA34}.Release|Any CPU.Build.0 = Release|Any CPU
	EndGlobalSection
	GlobalSection(SolutionProperties) = preSolution
		HideSolutionNode = FALSE
	EndGlobalSection
	GlobalSection(ExtensibilityGlobals) = postSolution
		SolutionGuid = {30B1CE29-86F6-4F7C-9C9B-93A13343C1F2}
	EndGlobalSection
EndGlobal
